
Microsoft Visual Studio Solution File, Format Version 12.00
# Visual Studio Version 16
VisualStudioVersion = 16.0.29920.165
MinimumVisualStudioVersion = 10.0.40219.1
Project("{2150E333-8FDC-42A3-9474-1A3956D46DE8}") = "Tests", "Tests", "{4D7D5A38-A8DA-4BB9-9136-C501F9B9D9C8}"
EndProject
Project("{9A19103F-16F7-4668-BE54-9A1E7A4F7556}") = "ProCode.FileHosterRepo.Dal", "ProCode.FileHosterRepo.Dal\ProCode.FileHosterRepo.Dal.csproj", "{CA905D17-9F2E-41C5-9607-BD2706BEB0D8}"
EndProject
Project("{9A19103F-16F7-4668-BE54-9A1E7A4F7556}") = "ProCode.FileHosterRepo.DalTests", "ProCode.FileHosterRepo.DalTests\ProCode.FileHosterRepo.DalTests.csproj", "{5A175DF6-9925-42A5-80BA-8B8726112B73}"
EndProject
Project("{9A19103F-16F7-4668-BE54-9A1E7A4F7556}") = "ProCode.FileHosterRepo.Api", "ProCode.FileHosterRepo.Api\ProCode.FileHosterRepo.Api.csproj", "{6B4241DD-3885-45E9-80E2-FEAFB6EA02CF}"
EndProject
Project("{9A19103F-16F7-4668-BE54-9A1E7A4F7556}") = "ProCode.FileHosterRepo.WebAppBlazor", "ProCode.FileHosterRepo.WebAppBlazor\ProCode.FileHosterRepo.WebAppBlazor.csproj", "{10419B41-73E4-4AD4-A25F-4045DD943099}"
EndProject
Project("{9A19103F-16F7-4668-BE54-9A1E7A4F7556}") = "ProCode.FileHosterRepo.ApiTests", "ProCode.FileHosterRepo.ApiTests\ProCode.FileHosterRepo.ApiTests.csproj", "{3252F114-337A-414F-8FFB-E4B361A2C2EC}"
EndProject
Project("{9A19103F-16F7-4668-BE54-9A1E7A4F7556}") = "ProCode.FileHosterRepo.Dto", "ProCode.FileHosterRepo.Dto\ProCode.FileHosterRepo.Dto.csproj", "{A5887CA4-011B-4F00-8620-7AB970B89C07}"
EndProject
Global
	GlobalSection(SolutionConfigurationPlatforms) = preSolution
		Debug|Any CPU = Debug|Any CPU
		Release|Any CPU = Release|Any CPU
	EndGlobalSection
	GlobalSection(ProjectConfigurationPlatforms) = postSolution
		{CA905D17-9F2E-41C5-9607-BD2706BEB0D8}.Debug|Any CPU.ActiveCfg = Debug|Any CPU
		{CA905D17-9F2E-41C5-9607-BD2706BEB0D8}.Debug|Any CPU.Build.0 = Debug|Any CPU
		{CA905D17-9F2E-41C5-9607-BD2706BEB0D8}.Release|Any CPU.ActiveCfg = Release|Any CPU
		{CA905D17-9F2E-41C5-9607-BD2706BEB0D8}.Release|Any CPU.Build.0 = Release|Any CPU
		{5A175DF6-9925-42A5-80BA-8B8726112B73}.Debug|Any CPU.ActiveCfg = Debug|Any CPU
		{5A175DF6-9925-42A5-80BA-8B8726112B73}.Debug|Any CPU.Build.0 = Debug|Any CPU
		{5A175DF6-9925-42A5-80BA-8B8726112B73}.Release|Any CPU.ActiveCfg = Release|Any CPU
		{5A175DF6-9925-42A5-80BA-8B8726112B73}.Release|Any CPU.Build.0 = Release|Any CPU
		{6B4241DD-3885-45E9-80E2-FEAFB6EA02CF}.Debug|Any CPU.ActiveCfg = Debug|Any CPU
		{6B4241DD-3885-45E9-80E2-FEAFB6EA02CF}.Debug|Any CPU.Build.0 = Debug|Any CPU
		{6B4241DD-3885-45E9-80E2-FEAFB6EA02CF}.Release|Any CPU.ActiveCfg = Release|Any CPU
		{6B4241DD-3885-45E9-80E2-FEAFB6EA02CF}.Release|Any CPU.Build.0 = Release|Any CPU
		{10419B41-73E4-4AD4-A25F-4045DD943099}.Debug|Any CPU.ActiveCfg = Debug|Any CPU
		{10419B41-73E4-4AD4-A25F-4045DD943099}.Debug|Any CPU.Build.0 = Debug|Any CPU
		{10419B41-73E4-4AD4-A25F-4045DD943099}.Release|Any CPU.ActiveCfg = Release|Any CPU
		{10419B41-73E4-4AD4-A25F-4045DD943099}.Release|Any CPU.Build.0 = Release|Any CPU
		{3252F114-337A-414F-8FFB-E4B361A2C2EC}.Debug|Any CPU.ActiveCfg = Debug|Any CPU
		{3252F114-337A-414F-8FFB-E4B361A2C2EC}.Debug|Any CPU.Build.0 = Debug|Any CPU
		{3252F114-337A-414F-8FFB-E4B361A2C2EC}.Release|Any CPU.ActiveCfg = Release|Any CPU
		{3252F114-337A-414F-8FFB-E4B361A2C2EC}.Release|Any CPU.Build.0 = Release|Any CPU
		{A5887CA4-011B-4F00-8620-7AB970B89C07}.Debug|Any CPU.ActiveCfg = Debug|Any CPU
		{A5887CA4-011B-4F00-8620-7AB970B89C07}.Debug|Any CPU.Build.0 = Debug|Any CPU
		{A5887CA4-011B-4F00-8620-7AB970B89C07}.Release|Any CPU.ActiveCfg = Release|Any CPU
		{A5887CA4-011B-4F00-8620-7AB970B89C07}.Release|Any CPU.Build.0 = Release|Any CPU
	EndGlobalSection
	GlobalSection(SolutionProperties) = preSolution
		HideSolutionNode = FALSE
	EndGlobalSection
	GlobalSection(NestedProjects) = preSolution
		{5A175DF6-9925-42A5-80BA-8B8726112B73} = {4D7D5A38-A8DA-4BB9-9136-C501F9B9D9C8}
		{3252F114-337A-414F-8FFB-E4B361A2C2EC} = {4D7D5A38-A8DA-4BB9-9136-C501F9B9D9C8}
	EndGlobalSection
	GlobalSection(ExtensibilityGlobals) = postSolution
		SolutionGuid = {4A6839EB-99BE-4CC2-B11D-4DDB95DEC5B7}
	EndGlobalSection
EndGlobal
